# This file is autogenerated, do not edit; changes may be undone by the next 'dep ensure'.


[[projects]]
  branch = "master"
  digest = "1:5e84d8b8cf7709fcab171e4642a73e3cc0ed3021171412d8fa53566c0cf8129b"
  name = "gonum.org/v1/gonum"
  packages = [
    "blas",
    "blas/blas64",
    "blas/gonum",
    "floats",
    "internal/asm/c128",
    "internal/asm/f32",
    "internal/asm/f64",
    "internal/math32",
    "lapack",
    "lapack/gonum",
    "lapack/lapack64",
    "mat",
  ]
  pruneopts = "UT"
  revision = "1b7b288aabab83ba80d06576f2c965273e640b0e"

[solve-meta]
  analyzer-name = "dep"
  analyzer-version = 1
  input-imports = ["gonum.org/v1/gonum/mat"]
  solver-name = "gps-cdcl"
  solver-version = 1
